// !$*UTF8*$!
{
	archiveVersion = 1;
	classes = {
	};
	objectVersion = 56;
	objects = {

/* Begin PBXBuildFile section */
		A70834172A70A34300879DB1 /* ChatBubble.swift in Sources */ = {isa = PBXBuildFile; fileRef = A70834162A70A34300879DB1 /* ChatBubble.swift */; };
		A70834192A70A39A00879DB1 /* XPBarView.swift in Sources */ = {isa = PBXBuildFile; fileRef = A70834182A70A39A00879DB1 /* XPBarView.swift */; };
		A708341C2A70A3F000879DB1 /* IntroductionView.swift in Sources */ = {isa = PBXBuildFile; fileRef = A708341B2A70A3F000879DB1 /* IntroductionView.swift */; };
		A708341F2A70A47900879DB1 /* IntroductionChat.swift in Sources */ = {isa = PBXBuildFile; fileRef = A708341E2A70A47900879DB1 /* IntroductionChat.swift */; };
		A71619FD2A72924200963C9D /* SoundManager.swift in Sources */ = {isa = PBXBuildFile; fileRef = A71619FC2A72924200963C9D /* SoundManager.swift */; };
		A7161A002A729B6700963C9D /* seven.mp3 in Resources */ = {isa = PBXBuildFile; fileRef = A71619FF2A729B6700963C9D /* seven.mp3 */; };
		A7161A052A72AAF300963C9D /* popping.mp3 in Resources */ = {isa = PBXBuildFile; fileRef = A7161A042A72AAF300963C9D /* popping.mp3 */; };
		A7161A072A72B59A00963C9D /* background_noise.mp3 in Resources */ = {isa = PBXBuildFile; fileRef = A7161A062A72B59A00963C9D /* background_noise.mp3 */; };
		A78C5A662A734ED6005916FF /* door_slam.mp3 in Resources */ = {isa = PBXBuildFile; fileRef = A78C5A652A734ED6005916FF /* door_slam.mp3 */; };
		A78C5A692A734FAA005916FF /* door_slam.mp3 in Resources */ = {isa = PBXBuildFile; fileRef = A78C5A682A734FAA005916FF /* door_slam.mp3 */; };
		A78C5A6D2A74088A005916FF /* ChapterView.swift in Sources */ = {isa = PBXBuildFile; fileRef = A78C5A6C2A74088A005916FF /* ChapterView.swift */; };
		A7BCF47E2A74A3B000D4E21C /* RPReplay_Final1690594108 (audio-extractor.net).mp3 in Resources */ = {isa = PBXBuildFile; fileRef = A7BCF47D2A74A3B000D4E21C /* RPReplay_Final1690594108 (audio-extractor.net).mp3 */; };
		A7C867AE2A6F5AF7007EAEB6 /* disruptedApp.swift in Sources */ = {isa = PBXBuildFile; fileRef = A7C867AD2A6F5AF7007EAEB6 /* disruptedApp.swift */; };
		A7C867B02A6F5AF7007EAEB6 /* ContentView.swift in Sources */ = {isa = PBXBuildFile; fileRef = A7C867AF2A6F5AF7007EAEB6 /* ContentView.swift */; };
		A7C867B22A6F5AF8007EAEB6 /* Assets.xcassets in Resources */ = {isa = PBXBuildFile; fileRef = A7C867B12A6F5AF8007EAEB6 /* Assets.xcassets */; };
		A7C867B52A6F5AF8007EAEB6 /* Preview Assets.xcassets in Resources */ = {isa = PBXBuildFile; fileRef = A7C867B42A6F5AF8007EAEB6 /* Preview Assets.xcassets */; };
/* End PBXBuildFile section */

/* Begin PBXFileReference section */
		A70834162A70A34300879DB1 /* ChatBubble.swift */ = {isa = PBXFileReference; lastKnownFileType = sourcecode.swift; path = ChatBubble.swift; sourceTree = "<group>"; };
		A70834182A70A39A00879DB1 /* XPBarView.swift */ = {isa = PBXFileReference; lastKnownFileType = sourcecode.swift; path = XPBarView.swift; sourceTree = "<group>"; };
		A708341B2A70A3F000879DB1 /* IntroductionView.swift */ = {isa = PBXFileReference; lastKnownFileType = sourcecode.swift; path = IntroductionView.swift; sourceTree = "<group>"; };
		A708341E2A70A47900879DB1 /* IntroductionChat.swift */ = {isa = PBXFileReference; lastKnownFileType = sourcecode.swift; path = IntroductionChat.swift; sourceTree = "<group>"; };
		A71619FC2A72924200963C9D /* SoundManager.swift */ = {isa = PBXFileReference; lastKnownFileType = sourcecode.swift; path = SoundManager.swift; sourceTree = "<group>"; };
		A71619FE2A729A4200963C9D /* Info.plist */ = {isa = PBXFileReference; lastKnownFileType = text.plist; path = Info.plist; sourceTree = "<group>"; };
		A71619FF2A729B6700963C9D /* seven.mp3 */ = {isa = PBXFileReference; lastKnownFileType = audio.mp3; name = seven.mp3; path = ../../../../../Downloads/seven.mp3; sourceTree = "<group>"; };
		A7161A012A729B7300963C9D /* seven.mp3 */ = {isa = PBXFileReference; lastKnownFileType = audio.mp3; path = seven.mp3; sourceTree = "<group>"; };
		A7161A042A72AAF300963C9D /* popping.mp3 */ = {isa = PBXFileReference; lastKnownFileType = audio.mp3; name = popping.mp3; path = ../../../../Downloads/popping.mp3; sourceTree = "<group>"; };
		A7161A062A72B59A00963C9D /* background_noise.mp3 */ = {isa = PBXFileReference; lastKnownFileType = audio.mp3; name = background_noise.mp3; path = ../../../../Downloads/background_noise.mp3; sourceTree = "<group>"; };
		A78C5A652A734ED6005916FF /* door_slam.mp3 */ = {isa = PBXFileReference; lastKnownFileType = audio.mp3; name = door_slam.mp3; path = ../../../../../Downloads/door_slam.mp3; sourceTree = "<group>"; };
		A78C5A682A734FAA005916FF /* door_slam.mp3 */ = {isa = PBXFileReference; lastKnownFileType = audio.mp3; name = door_slam.mp3; path = ../../../../Downloads/door_slam.mp3; sourceTree = "<group>"; };
		A78C5A6C2A74088A005916FF /* ChapterView.swift */ = {isa = PBXFileReference; lastKnownFileType = sourcecode.swift; path = ChapterView.swift; sourceTree = "<group>"; };
		A7BCF47D2A74A3B000D4E21C /* RPReplay_Final1690594108 (audio-extractor.net).mp3 */ = {isa = PBXFileReference; lastKnownFileType = audio.mp3; name = "RPReplay_Final1690594108 (audio-extractor.net).mp3"; path = "../../../../../Downloads/RPReplay_Final1690594108 (audio-extractor.net).mp3"; sourceTree = "<group>"; };
		A7BCF47F2A74A3B600D4E21C /* champions.mp3 */ = {isa = PBXFileReference; lastKnownFileType = audio.mp3; path = champions.mp3; sourceTree = "<group>"; };
		A7C867AA2A6F5AF7007EAEB6 /* disrupted.app */ = {isa = PBXFileReference; explicitFileType = wrapper.application; includeInIndex = 0; path = disrupted.app; sourceTree = BUILT_PRODUCTS_DIR; };
		A7C867AD2A6F5AF7007EAEB6 /* disruptedApp.swift */ = {isa = PBXFileReference; lastKnownFileType = sourcecode.swift; path = disruptedApp.swift; sourceTree = "<group>"; };
		A7C867AF2A6F5AF7007EAEB6 /* ContentView.swift */ = {isa = PBXFileReference; lastKnownFileType = sourcecode.swift; path = ContentView.swift; sourceTree = "<group>"; };
		A7C867B12A6F5AF8007EAEB6 /* Assets.xcassets */ = {isa = PBXFileReference; lastKnownFileType = folder.assetcatalog; path = Assets.xcassets; sourceTree = "<group>"; };
		A7C867B42A6F5AF8007EAEB6 /* Preview Assets.xcassets */ = {isa = PBXFileReference; lastKnownFileType = folder.assetcatalog; path = "Preview Assets.xcassets"; sourceTree = "<group>"; };
/* End PBXFileReference section */

/* Begin PBXFrameworksBuildPhase section */
		A7C867A72A6F5AF7007EAEB6 /* Frameworks */ = {
			isa = PBXFrameworksBuildPhase;
			buildActionMask = 2147483647;
			files = (
			);
			runOnlyForDeploymentPostprocessing = 0;
		};
/* End PBXFrameworksBuildPhase section */

/* Begin PBXGroup section */
		A70834152A70A31400879DB1 /* Components */ = {
			isa = PBXGroup;
			children = (
				A70834162A70A34300879DB1 /* ChatBubble.swift */,
				A70834182A70A39A00879DB1 /* XPBarView.swift */,
			);
			path = Components;
			sourceTree = "<group>";
		};
		A708341A2A70A3DA00879DB1 /* MainViews */ = {
			isa = PBXGroup;
			children = (
				A708341B2A70A3F000879DB1 /* IntroductionView.swift */,
				A78C5A6C2A74088A005916FF /* ChapterView.swift */,
			);
			path = MainViews;
			sourceTree = "<group>";
		};
		A708341D2A70A46500879DB1 /* Model */ = {
			isa = PBXGroup;
			children = (
				A708341E2A70A47900879DB1 /* IntroductionChat.swift */,
			);
			path = Model;
			sourceTree = "<group>";
		};
		A7C867A12A6F5AF7007EAEB6 = {
			isa = PBXGroup;
			children = (
				A7C867AC2A6F5AF7007EAEB6 /* disrupted */,
				A7C867AB2A6F5AF7007EAEB6 /* Products */,
			);
			sourceTree = "<group>";
		};
		A7C867AB2A6F5AF7007EAEB6 /* Products */ = {
			isa = PBXGroup;
			children = (
				A7C867AA2A6F5AF7007EAEB6 /* disrupted.app */,
			);
			name = Products;
			sourceTree = "<group>";
		};
		A7C867AC2A6F5AF7007EAEB6 /* disrupted */ = {
			isa = PBXGroup;
			children = (
				A78C5A682A734FAA005916FF /* door_slam.mp3 */,
				A7161A012A729B7300963C9D /* seven.mp3 */,
				A7161A042A72AAF300963C9D /* popping.mp3 */,
				A7161A062A72B59A00963C9D /* background_noise.mp3 */,
				A7BCF47F2A74A3B600D4E21C /* champions.mp3 */,
				A71619FE2A729A4200963C9D /* Info.plist */,
				A71619FC2A72924200963C9D /* SoundManager.swift */,
				A708341D2A70A46500879DB1 /* Model */,
				A708341A2A70A3DA00879DB1 /* MainViews */,
				A70834152A70A31400879DB1 /* Components */,
				A7C867AD2A6F5AF7007EAEB6 /* disruptedApp.swift */,
				A7C867AF2A6F5AF7007EAEB6 /* ContentView.swift */,
				A7C867B12A6F5AF8007EAEB6 /* Assets.xcassets */,
				A7C867B32A6F5AF8007EAEB6 /* Preview Content */,
			);
			path = disrupted;
			sourceTree = "<group>";
		};
		A7C867B32A6F5AF8007EAEB6 /* Preview Content */ = {
			isa = PBXGroup;
			children = (
				A7BCF47D2A74A3B000D4E21C /* RPReplay_Final1690594108 (audio-extractor.net).mp3 */,
				A78C5A652A734ED6005916FF /* door_slam.mp3 */,
				A71619FF2A729B6700963C9D /* seven.mp3 */,
				A7C867B42A6F5AF8007EAEB6 /* Preview Assets.xcassets */,
			);
			path = "Preview Content";
			sourceTree = "<group>";
		};
/* End PBXGroup section */

/* Begin PBXNativeTarget section */
		A7C867A92A6F5AF7007EAEB6 /* disrupted */ = {
			isa = PBXNativeTarget;
			buildConfigurationList = A7C867B82A6F5AF8007EAEB6 /* Build configuration list for PBXNativeTarget "disrupted" */;
			buildPhases = (
				A7C867A62A6F5AF7007EAEB6 /* Sources */,
				A7C867A72A6F5AF7007EAEB6 /* Frameworks */,
				A7C867A82A6F5AF7007EAEB6 /* Resources */,
			);
			buildRules = (
			);
			dependencies = (
			);
			name = disrupted;
			productName = disrupted;
			productReference = A7C867AA2A6F5AF7007EAEB6 /* disrupted.app */;
			productType = "com.apple.product-type.application";
		};
/* End PBXNativeTarget section */

/* Begin PBXProject section */
		A7C867A22A6F5AF7007EAEB6 /* Project object */ = {
			isa = PBXProject;
			attributes = {
				BuildIndependentTargetsInParallel = 1;
				LastSwiftUpdateCheck = 1430;
				LastUpgradeCheck = 1430;
				TargetAttributes = {
					A7C867A92A6F5AF7007EAEB6 = {
						CreatedOnToolsVersion = 14.3;
					};
				};
			};
			buildConfigurationList = A7C867A52A6F5AF7007EAEB6 /* Build configuration list for PBXProject "disrupted" */;
			compatibilityVersion = "Xcode 14.0";
			developmentRegion = en;
			hasScannedForEncodings = 0;
			knownRegions = (
				en,
				Base,
			);
			mainGroup = A7C867A12A6F5AF7007EAEB6;
			productRefGroup = A7C867AB2A6F5AF7007EAEB6 /* Products */;
			projectDirPath = "";
			projectRoot = "";
			targets = (
				A7C867A92A6F5AF7007EAEB6 /* disrupted */,
			);
		};
/* End PBXProject section */

/* Begin PBXResourcesBuildPhase section */
		A7C867A82A6F5AF7007EAEB6 /* Resources */ = {
			isa = PBXResourcesBuildPhase;
			buildActionMask = 2147483647;
			files = (
				A78C5A692A734FAA005916FF /* door_slam.mp3 in Resources */,
				A7C867B52A6F5AF8007EAEB6 /* Preview Assets.xcassets in Resources */,
				A7161A002A729B6700963C9D /* seven.mp3 in Resources */,
				A7161A052A72AAF300963C9D /* popping.mp3 in Resources */,
				A7BCF47E2A74A3B000D4E21C /* RPReplay_Final1690594108 (audio-extractor.net).mp3 in Resources */,
				A78C5A662A734ED6005916FF /* door_slam.mp3 in Resources */,
				A7C867B22A6F5AF8007EAEB6 /* Assets.xcassets in Resources */,
				A7161A072A72B59A00963C9D /* background_noise.mp3 in Resources */,
			);
			runOnlyForDeploymentPostprocessing = 0;
		};
/* End PBXResourcesBuildPhase section */

/* Begin PBXSourcesBuildPhase section */
		A7C867A62A6F5AF7007EAEB6 /* Sources */ = {
			isa = PBXSourcesBuildPhase;
			buildActionMask = 2147483647;
			files = (
				A708341C2A70A3F000879DB1 /* IntroductionView.swift in Sources */,
				A7C867B02A6F5AF7007EAEB6 /* ContentView.swift in Sources */,
				A70834172A70A34300879DB1 /* ChatBubble.swift in Sources */,
				A708341F2A70A47900879DB1 /* IntroductionChat.swift in Sources */,
				A70834192A70A39A00879DB1 /* XPBarView.swift in Sources */,
				A71619FD2A72924200963C9D /* SoundManager.swift in Sources */,
				A78C5A6D2A74088A005916FF /* ChapterView.swift in Sources */,
				A7C867AE2A6F5AF7007EAEB6 /* disruptedApp.swift in Sources */,
			);
			runOnlyForDeploymentPostprocessing = 0;
		};
/* End PBXSourcesBuildPhase section */

/* Begin XCBuildConfiguration section */
		A7C867B62A6F5AF8007EAEB6 /* Debug */ = {
			isa = XCBuildConfiguration;
			buildSettings = {
				ALWAYS_SEARCH_USER_PATHS = NO;
				CLANG_ANALYZER_NONNULL = YES;
				CLANG_ANALYZER_NUMBER_OBJECT_CONVERSION = YES_AGGRESSIVE;
				CLANG_CXX_LANGUAGE_STANDARD = "gnu++20";
				CLANG_ENABLE_MODULES = YES;
				CLANG_ENABLE_OBJC_ARC = YES;
				CLANG_ENABLE_OBJC_WEAK = YES;
				CLANG_WARN_BLOCK_CAPTURE_AUTORELEASING = YES;
				CLANG_WARN_BOOL_CONVERSION = YES;
				CLANG_WARN_COMMA = YES;
				CLANG_WARN_CONSTANT_CONVERSION = YES;
				CLANG_WARN_DEPRECATED_OBJC_IMPLEMENTATIONS = YES;
				CLANG_WARN_DIRECT_OBJC_ISA_USAGE = YES_ERROR;
				CLANG_WARN_DOCUMENTATION_COMMENTS = YES;
				CLANG_WARN_EMPTY_BODY = YES;
				CLANG_WARN_ENUM_CONVERSION = YES;
				CLANG_WARN_INFINITE_RECURSION = YES;
				CLANG_WARN_INT_CONVERSION = YES;
				CLANG_WARN_NON_LITERAL_NULL_CONVERSION = YES;
				CLANG_WARN_OBJC_IMPLICIT_RETAIN_SELF = YES;
				CLANG_WARN_OBJC_LITERAL_CONVERSION = YES;
				CLANG_WARN_OBJC_ROOT_CLASS = YES_ERROR;
				CLANG_WARN_QUOTED_INCLUDE_IN_FRAMEWORK_HEADER = YES;
				CLANG_WARN_RANGE_LOOP_ANALYSIS = YES;
				CLANG_WARN_STRICT_PROTOTYPES = YES;
				CLANG_WARN_SUSPICIOUS_MOVE = YES;
				CLANG_WARN_UNGUARDED_AVAILABILITY = YES_AGGRESSIVE;
				CLANG_WARN_UNREACHABLE_CODE = YES;
				CLANG_WARN__DUPLICATE_METHOD_MATCH = YES;
				COPY_PHASE_STRIP = NO;
				DEBUG_INFORMATION_FORMAT = dwarf;
				ENABLE_STRICT_OBJC_MSGSEND = YES;
				ENABLE_TESTABILITY = YES;
				GCC_C_LANGUAGE_STANDARD = gnu11;
				GCC_DYNAMIC_NO_PIC = NO;
				GCC_NO_COMMON_BLOCKS = YES;
				GCC_OPTIMIZATION_LEVEL = 0;
				GCC_PREPROCESSOR_DEFINITIONS = (
					"DEBUG=1",
					"$(inherited)",
				);
				GCC_WARN_64_TO_32_BIT_CONVERSION = YES;
				GCC_WARN_ABOUT_RETURN_TYPE = YES_ERROR;
				GCC_WARN_UNDECLARED_SELECTOR = YES;
				GCC_WARN_UNINITIALIZED_AUTOS = YES_AGGRESSIVE;
				GCC_WARN_UNUSED_FUNCTION = YES;
				GCC_WARN_UNUSED_VARIABLE = YES;
				IPHONEOS_DEPLOYMENT_TARGET = 16.4;
				MTL_ENABLE_DEBUG_INFO = INCLUDE_SOURCE;
				MTL_FAST_MATH = YES;
				ONLY_ACTIVE_ARCH = YES;
				SDKROOT = iphoneos;
				SWIFT_ACTIVE_COMPILATION_CONDITIONS = DEBUG;
				SWIFT_OPTIMIZATION_LEVEL = "-Onone";
			};
			name = Debug;
		};
		A7C867B72A6F5AF8007EAEB6 /* Release */ = {
			isa = XCBuildConfiguration;
			buildSettings = {
				ALWAYS_SEARCH_USER_PATHS = NO;
				CLANG_ANALYZER_NONNULL = YES;
				CLANG_ANALYZER_NUMBER_OBJECT_CONVERSION = YES_AGGRESSIVE;
				CLANG_CXX_LANGUAGE_STANDARD = "gnu++20";
				CLANG_ENABLE_MODULES = YES;
				CLANG_ENABLE_OBJC_ARC = YES;
				CLANG_ENABLE_OBJC_WEAK = YES;
				CLANG_WARN_BLOCK_CAPTURE_AUTORELEASING = YES;
				CLANG_WARN_BOOL_CONVERSION = YES;
				CLANG_WARN_COMMA = YES;
				CLANG_WARN_CONSTANT_CONVERSION = YES;
				CLANG_WARN_DEPRECATED_OBJC_IMPLEMENTATIONS = YES;
				CLANG_WARN_DIRECT_OBJC_ISA_USAGE = YES_ERROR;
				CLANG_WARN_DOCUMENTATION_COMMENTS = YES;
				CLANG_WARN_EMPTY_BODY = YES;
				CLANG_WARN_ENUM_CONVERSION = YES;
				CLANG_WARN_INFINITE_RECURSION = YES;
				CLANG_WARN_INT_CONVERSION = YES;
				CLANG_WARN_NON_LITERAL_NULL_CONVERSION = YES;
				CLANG_WARN_OBJC_IMPLICIT_RETAIN_SELF = YES;
				CLANG_WARN_OBJC_LITERAL_CONVERSION = YES;
				CLANG_WARN_OBJC_ROOT_CLASS = YES_ERROR;
				CLANG_WARN_QUOTED_INCLUDE_IN_FRAMEWORK_HEADER = YES;
				CLANG_WARN_RANGE_LOOP_ANALYSIS = YES;
				CLANG_WARN_STRICT_PROTOTYPES = YES;
				CLANG_WARN_SUSPICIOUS_MOVE = YES;
				CLANG_WARN_UNGUARDED_AVAILABILITY = YES_AGGRESSIVE;
				CLANG_WARN_UNREACHABLE_CODE = YES;
				CLANG_WARN__DUPLICATE_METHOD_MATCH = YES;
				COPY_PHASE_STRIP = NO;
				DEBUG_INFORMATION_FORMAT = "dwarf-with-dsym";
				ENABLE_NS_ASSERTIONS = NO;
				ENABLE_STRICT_OBJC_MSGSEND = YES;
				GCC_C_LANGUAGE_STANDARD = gnu11;
				GCC_NO_COMMON_BLOCKS = YES;
				GCC_WARN_64_TO_32_BIT_CONVERSION = YES;
				GCC_WARN_ABOUT_RETURN_TYPE = YES_ERROR;
				GCC_WARN_UNDECLARED_SELECTOR = YES;
				GCC_WARN_UNINITIALIZED_AUTOS = YES_AGGRESSIVE;
				GCC_WARN_UNUSED_FUNCTION = YES;
				GCC_WARN_UNUSED_VARIABLE = YES;
				IPHONEOS_DEPLOYMENT_TARGET = 16.4;
				MTL_ENABLE_DEBUG_INFO = NO;
				MTL_FAST_MATH = YES;
				SDKROOT = iphoneos;
				SWIFT_COMPILATION_MODE = wholemodule;
				SWIFT_OPTIMIZATION_LEVEL = "-O";
				VALIDATE_PRODUCT = YES;
			};
			name = Release;
		};
		A7C867B92A6F5AF8007EAEB6 /* Debug */ = {
			isa = XCBuildConfiguration;
			buildSettings = {
				ASSETCATALOG_COMPILER_APPICON_NAME = AppIcon;
				ASSETCATALOG_COMPILER_GLOBAL_ACCENT_COLOR_NAME = AccentColor;
				CODE_SIGN_STYLE = Automatic;
				CURRENT_PROJECT_VERSION = 1;
				DEVELOPMENT_ASSET_PATHS = "\"disrupted/Preview Content\"";
				ENABLE_PREVIEWS = YES;
				GENERATE_INFOPLIST_FILE = YES;
				INFOPLIST_FILE = disrupted/Info.plist;
				INFOPLIST_KEY_UIApplicationSceneManifest_Generation = YES;
				INFOPLIST_KEY_UIApplicationSupportsIndirectInputEvents = YES;
				INFOPLIST_KEY_UILaunchScreen_Generation = YES;
				INFOPLIST_KEY_UISupportedInterfaceOrientations_iPad = "UIInterfaceOrientationPortrait UIInterfaceOrientationPortraitUpsideDown UIInterfaceOrientationLandscapeLeft UIInterfaceOrientationLandscapeRight";
				INFOPLIST_KEY_UISupportedInterfaceOrientations_iPhone = "UIInterfaceOrientationPortrait UIInterfaceOrientationLandscapeLeft UIInterfaceOrientationLandscapeRight";
				LD_RUNPATH_SEARCH_PATHS = (
					"$(inherited)",
					"@executable_path/Frameworks",
				);
				MARKETING_VERSION = 1.0;
				PRODUCT_BUNDLE_IDENTIFIER = Andrea.disrupted;
				PRODUCT_NAME = "$(TARGET_NAME)";
				SWIFT_EMIT_LOC_STRINGS = YES;
				SWIFT_VERSION = 5.0;
				TARGETED_DEVICE_FAMILY = "1,2";
			};
			name = Debug;
		};
		A7C867BA2A6F5AF8007EAEB6 /* Release */ = {
			isa = XCBuildConfiguration;
			buildSettings = {
				ASSETCATALOG_COMPILER_APPICON_NAME = AppIcon;
				ASSETCATALOG_COMPILER_GLOBAL_ACCENT_COLOR_NAME = AccentColor;
				CODE_SIGN_STYLE = Automatic;
				CURRENT_PROJECT_VERSION = 1;
				DEVELOPMENT_ASSET_PATHS = "\"disrupted/Preview Content\"";
				ENABLE_PREVIEWS = YES;
				GENERATE_INFOPLIST_FILE = YES;
				INFOPLIST_FILE = disrupted/Info.plist;
				INFOPLIST_KEY_UIApplicationSceneManifest_Generation = YES;
				INFOPLIST_KEY_UIApplicationSupportsIndirectInputEvents = YES;
				INFOPLIST_KEY_UILaunchScreen_Generation = YES;
				INFOPLIST_KEY_UISupportedInterfaceOrientations_iPad = "UIInterfaceOrientationPortrait UIInterfaceOrientationPortraitUpsideDown UIInterfaceOrientationLandscapeLeft UIInterfaceOrientationLandscapeRight";
				INFOPLIST_KEY_UISupportedInterfaceOrientations_iPhone = "UIInterfaceOrientationPortrait UIInterfaceOrientationLandscapeLeft UIInterfaceOrientationLandscapeRight";
				LD_RUNPATH_SEARCH_PATHS = (
					"$(inherited)",
					"@executable_path/Frameworks",
				);
				MARKETING_VERSION = 1.0;
				PRODUCT_BUNDLE_IDENTIFIER = Andrea.disrupted;
				PRODUCT_NAME = "$(TARGET_NAME)";
				SWIFT_EMIT_LOC_STRINGS = YES;
				SWIFT_VERSION = 5.0;
				TARGETED_DEVICE_FAMILY = "1,2";
			};
			name = Release;
		};
/* End XCBuildConfiguration section */

/* Begin XCConfigurationList section */
		A7C867A52A6F5AF7007EAEB6 /* Build configuration list for PBXProject "disrupted" */ = {
			isa = XCConfigurationList;
			buildConfigurations = (
				A7C867B62A6F5AF8007EAEB6 /* Debug */,
				A7C867B72A6F5AF8007EAEB6 /* Release */,
			);
			defaultConfigurationIsVisible = 0;
			defaultConfigurationName = Release;
		};
		A7C867B82A6F5AF8007EAEB6 /* Build configuration list for PBXNativeTarget "disrupted" */ = {
			isa = XCConfigurationList;
			buildConfigurations = (
				A7C867B92A6F5AF8007EAEB6 /* Debug */,
				A7C867BA2A6F5AF8007EAEB6 /* Release */,
			);
			defaultConfigurationIsVisible = 0;
			defaultConfigurationName = Release;
		};
/* End XCConfigurationList section */
	};
	rootObject = A7C867A22A6F5AF7007EAEB6 /* Project object */;
}
